
Microsoft Visual Studio Solution File, Format Version 12.00
# Visual Studio Version 17
VisualStudioVersion = 17.4.33213.308
MinimumVisualStudioVersion = 10.0.40219.1
Project("{FAE04EC0-301F-11D3-BF4B-00C04F79EFBC}") = "loginForm", "loginForm\loginForm.csproj", "{B527F4F8-8012-4033-85EA-30D4D0917C63}"
EndProject
Global
	GlobalSection(SolutionConfigurationPlatforms) = preSolution
		Debug|Any CPU = Debug|Any CPU
		Release|Any CPU = Release|Any CPU
	EndGlobalSection
	GlobalSection(ProjectConfigurationPlatforms) = postSolution
		{B527F4F8-8012-4033-85EA-30D4D0917C63}.Debug|Any CPU.ActiveCfg = Debug|Any CPU
		{B527F4F8-8012-4033-85EA-30D4D0917C63}.Debug|Any CPU.Build.0 = Debug|Any CPU
		{B527F4F8-8012-4033-85EA-30D4D0917C63}.Release|Any CPU.ActiveCfg = Release|Any CPU
		{B527F4F8-8012-4033-85EA-30D4D0917C63}.Release|Any CPU.Build.0 = Release|Any CPU
	EndGlobalSection
	GlobalSection(SolutionProperties) = preSolution
		HideSolutionNode = FALSE
	EndGlobalSection
	GlobalSection(ExtensibilityGlobals) = postSolution
		SolutionGuid = {51620CDF-78C5-4A6F-A979-0437029D58F6}
	EndGlobalSection
EndGlobal
